
Microsoft Visual Studio Solution File, Format Version 12.00
# Visual Studio Version 16
VisualStudioVersion = 16.0.30709.132
MinimumVisualStudioVersion = 10.0.40219.1
Project("{8BC9CEB8-8B4A-11D0-8D11-00A0C91BC942}") = "CoreCLRHost", "CoreCLRSharp\CoreCLRSharp.vcxproj", "{8556A162-5D09-484E-A86F-A06669A53872}"
EndProject
Project("{FAE04EC0-301F-11D3-BF4B-00C04F79EFBC}") = "CoreCLR.NET5", "CoreCLR.NET5\CoreCLR.NET5.csproj", "{B88B8142-8773-4714-B00B-946AC0754BBC}"
EndProject
Global
	GlobalSection(SolutionConfigurationPlatforms) = preSolution
		Debug|Any CPU = Debug|Any CPU
		Debug|x64 = Debug|x64
		Debug|x86 = Debug|x86
		Release|Any CPU = Release|Any CPU
		Release|x64 = Release|x64
		Release|x86 = Release|x86
	EndGlobalSection
	GlobalSection(ProjectConfigurationPlatforms) = postSolution
		{8556A162-5D09-484E-A86F-A06669A53872}.Debug|Any CPU.ActiveCfg = Debug|Win32
		{8556A162-5D09-484E-A86F-A06669A53872}.Debug|x64.ActiveCfg = Debug|x64
		{8556A162-5D09-484E-A86F-A06669A53872}.Debug|x64.Build.0 = Debug|x64
		{8556A162-5D09-484E-A86F-A06669A53872}.Debug|x86.ActiveCfg = Debug|Win32
		{8556A162-5D09-484E-A86F-A06669A53872}.Debug|x86.Build.0 = Debug|Win32
		{8556A162-5D09-484E-A86F-A06669A53872}.Release|Any CPU.ActiveCfg = Release|Win32
		{8556A162-5D09-484E-A86F-A06669A53872}.Release|x64.ActiveCfg = Release|x64
		{8556A162-5D09-484E-A86F-A06669A53872}.Release|x64.Build.0 = Release|x64
		{8556A162-5D09-484E-A86F-A06669A53872}.Release|x86.ActiveCfg = Release|Win32
		{8556A162-5D09-484E-A86F-A06669A53872}.Release|x86.Build.0 = Release|Win32
		{B88B8142-8773-4714-B00B-946AC0754BBC}.Debug|Any CPU.ActiveCfg = Debug|Any CPU
		{B88B8142-8773-4714-B00B-946AC0754BBC}.Debug|Any CPU.Build.0 = Debug|Any CPU
		{B88B8142-8773-4714-B00B-946AC0754BBC}.Debug|x64.ActiveCfg = Debug|Any CPU
		{B88B8142-8773-4714-B00B-946AC0754BBC}.Debug|x64.Build.0 = Debug|Any CPU
		{B88B8142-8773-4714-B00B-946AC0754BBC}.Debug|x86.ActiveCfg = Debug|Any CPU
		{B88B8142-8773-4714-B00B-946AC0754BBC}.Debug|x86.Build.0 = Debug|Any CPU
		{B88B8142-8773-4714-B00B-946AC0754BBC}.Release|Any CPU.ActiveCfg = Release|Any CPU
		{B88B8142-8773-4714-B00B-946AC0754BBC}.Release|Any CPU.Build.0 = Release|Any CPU
		{B88B8142-8773-4714-B00B-946AC0754BBC}.Release|x64.ActiveCfg = Release|Any CPU
		{B88B8142-8773-4714-B00B-946AC0754BBC}.Release|x64.Build.0 = Release|Any CPU
		{B88B8142-8773-4714-B00B-946AC0754BBC}.Release|x86.ActiveCfg = Release|Any CPU
		{B88B8142-8773-4714-B00B-946AC0754BBC}.Release|x86.Build.0 = Release|Any CPU
	EndGlobalSection
	GlobalSection(SolutionProperties) = preSolution
		HideSolutionNode = FALSE
	EndGlobalSection
	GlobalSection(ExtensibilityGlobals) = postSolution
		SolutionGuid = {5C8F93B4-FA26-4AD0-BBE1-9EAF6127C8AE}
	EndGlobalSection
EndGlobal
